
Microsoft Visual Studio Solution File, Format Version 12.00
# Visual Studio Version 16
VisualStudioVersion = 16.0.31624.102
MinimumVisualStudioVersion = 10.0.40219.1
Project("{8BC9CEB8-8B4A-11D0-8D11-00A0C91BC942}") = "eft-sdk", "eft-sdk\eft-sdk.vcxproj", "{F60437E1-FC15-4949-90C3-655D3B9893EF}"
EndProject
Global
	GlobalSection(SolutionConfigurationPlatforms) = preSolution
		Debug|x64 = Debug|x64
		Debug|x86 = Debug|x86
		Release|x64 = Release|x64
		Release|x86 = Release|x86
	EndGlobalSection
	GlobalSection(ProjectConfigurationPlatforms) = postSolution
		{F60437E1-FC15-4949-90C3-655D3B9893EF}.Debug|x64.ActiveCfg = Debug|x64
		{F60437E1-FC15-4949-90C3-655D3B9893EF}.Debug|x64.Build.0 = Debug|x64
		{F60437E1-FC15-4949-90C3-655D3B9893EF}.Debug|x86.ActiveCfg = Debug|Win32
		{F60437E1-FC15-4949-90C3-655D3B9893EF}.Debug|x86.Build.0 = Debug|Win32
		{F60437E1-FC15-4949-90C3-655D3B9893EF}.Release|x64.ActiveCfg = Release|x64
		{F60437E1-FC15-4949-90C3-655D3B9893EF}.Release|x64.Build.0 = Release|x64
		{F60437E1-FC15-4949-90C3-655D3B9893EF}.Release|x86.ActiveCfg = Release|Win32
		{F60437E1-FC15-4949-90C3-655D3B9893EF}.Release|x86.Build.0 = Release|Win32
	EndGlobalSection
	GlobalSection(SolutionProperties) = preSolution
		HideSolutionNode = FALSE
	EndGlobalSection
	GlobalSection(ExtensibilityGlobals) = postSolution
		SolutionGuid = {172FC971-68C4-45A2-9100-843A8EB1E6BB}
	EndGlobalSection
EndGlobal
